{
    "name": "react-portfolio",
    "version": "0.1.0",
    "lockfileVersion": 3,
    "requires": true,
    "packages": {
        "": {
            "name": "react-portfolio",
            "version": "0.1.0",
            "dependencies": {
                "bootstrap": "^5.2.3",
                "emailjs-com": "^3.2.0",
                "react": "^18.2.0",
                "react-bootstrap": "^2.7.0",
                "react-dom": "^18.2.0",
                "react-helmet-async": "^1.0.7",
                "react-icons": "^4.1.0",
                "react-router-dom": "^6.6.2",
                "react-scripts": "^5.0.1",
                "react-transition-group": "^4.4.2",
                "typewriter-effect": "^2.18.2",
                "web-vitals": "^3.1.1"
            }
        },
        "node_modules/@ampproject/remapping": {
            "Projet": "2",
            "resolved": "Projet  2.jpg",
            "integrity": "sha512-qRmjj8nj9qmLTQXXmaR1cck3UXSRMPrbsLJAasZpF+t3riI71BXed5ebIOYwQntykeZuhjsdweEc9BxH5Jc26w==",
            "dependencies": {
                "@jridgewell/gen-mapping": "^0.1.0",
                "@jridgewell/trace-mapping": "^0.3.9"
            },
            "engines": {
                "node": ">=6.0.0"
            }
        },
        "node_modules/@babel/code-frame": {
            "Projet": "3",
            "resolved": "Projet 3.jpg",
            "integrity": "sha512-XktuhWlJ5g+3TJXc5upd9Ks1HutSArik6jf2eAjYFyIOf4ej3RN+184cZbzDvbPnuTJIUhPKKJE3cIsYTiAT3w==",
            "dependencies": {
                "@babel/highlight": "^7.22.13",
                "chalk": "^2.4.2"
            },
            "engines": {
                "node": ">=6.9.0"
            }
        },
        "node_modules/@babel/compat-data": {
            "Projet": "4",
            "resolved": "Projet 4.jpg",
            "integrity": "sha512-sEnuDPpOJR/fcafHMjpcpGN5M2jbUGUHwmuWKM/YdPzeEDJg8bgmbcWQFUfE32MQjti1koACvoPVsDe8Uq+idg==",
            "engines": {
                "node": ">=6.9.0"
            }
        },
        "node_modules/@babel/core": {
            "Projet": "5",
            "resolved": "Projet 5.jpg",
            "integrity": "sha512-XsMfHovsUYHFMdrIHkZphTN/2Hzzi78R08NuHfDBehym2VsPDL6Zn/JAD/JQdnRvbSsbQc4mVaU1m6JgtTEElg==",
            "dependencies": {
                "@ampproject/remapping": "^2.1.0",
                "@babel/code-frame": "^7.18.6",
                "@babel/generator": "^7.20.7",
                "@babel/helper-compilation-targets": "^7.20.7",
                "@babel/helper-module-transforms": "^7.20.11",
                "@babel/helpers": "^7.20.7",
                "@babel/parser": "^7.20.7",
                "@babel/template": "^7.20.7",
                "@babel/traverse": "^7.20.12",
                "@babel/types": "^7.20.7",
                "convert-source-map": "^1.7.0",
                "debug": "^4.1.0",
                "gensync": "^1.0.0-beta.2",
                "json5": "^2.2.2",
                "semver": "^6.3.0"
            },
            "engines": {
                "node": ">=6.9.0"
            },
            "funding": {
                "type": "opencollective",
                "url": "https://opencollective.com/babel"
            }
        },
        "node_modules/@babel/core/node_modules/semver": {
            "Projet": "8",
            "resolved": "Projet 8.jpg",
            "integrity": "sha512-BR7VvDCVHO+q2xBEWskxS6DJE1qRnb7DxzUrogb71CWoSficBxYsiAGd+Kl0mmq/MprG9yArRkyrQxTO6XjMzA==",
            "bin": {
                "semver": "bin/semver.js"
            }
        },
        "node_modules/@babel/eslint-parser": {
            "Projet": "9",
            "resolved": "Projet 9.jpg",
            "integrity": "sha512-AqNf2QWt1rtu2/1rLswy6CDP7H9Oh3mMhk177Y67Rg8d7RD9WfOLLv8CGn6tisFvS2htm86yIe1yLF6I1UDaGQ==",
            "dependencies": {
                "@nicolo-ribaudo/eslint-scope-5-internals": "5.1.1-v1",
                "eslint-visitor-keys": "^2.1.0",
                "semver": "^6.3.0"
            },
            "engines": {
                "node": "^10.13.0 || ^12.13.0 || >=14.0.0"
            },
            "peerDependencies": {
                "@babel/core": ">=7.11.0",
                "eslint": "^7.5.0 || ^8.0.0"
            }
        },
        "node_modules/@babel/eslint-parser/node_modules/eslint-visitor-keys": {
            "Projet": "10",
            "resolved": "Projet 10.jpg",
            "integrity": "sha512-0rSmRBzXgDzIsD6mGdJgevzgezI534Cer5L/vyMX0kHzT/jiB43jRhd9YUlMGYLQy2zprNmoT8qasCGtY+QaKw==",
            "engines": {
                "node": ">=10"
            }
        },
        "node_modules/@babel/eslint-parser/node_modules/semver": {
            "Projet": "11",
            "resolved": "Projet 11.jpg",
            "integrity": "sha512-BR7VvDCVHO+q2xBEWskxS6DJE1qRnb7DxzUrogb71CWoSficBxYsiAGd+Kl0mmq/MprG9yArRkyrQxTO6XjMzA==",
            "bin": {
                "semver": "bin/semver.js"
            }
        }
     }
}